{
  "name": "github-actions-on-pull-request-target-test",
  "version": "1.0.0",
  "lockfileVersion": 3,
  "requires": true,
  "packages": {
    "": {
      "name": "github-actions-on-pull-request-target-test",
      "version": "1.0.0",
      "license": "MIT",
      "dependencies": {
        "store2": "^2.14.3"
      }
    },
    "node_modules/store2": {
      "version": "2.14.3",
      "resolved": "https://registry.npmjs.org/store2/-/store2-2.14.3.tgz",
      "integrity": "sha512-4QcZ+yx7nzEFiV4BMLnr/pRa5HYzNITX2ri0Zh6sT9EyQHbBHacC6YigllUPU9X3D0f/22QCgfokpKs52YRrUg==",
      "license": "MIT"
    }
  }
}
